github.com/google/subcommands v1.2.0 h1:vWQspBTo2nEqTUFita5/KeEWlUL8kQObDFbub/EN9oE=
github.com/google/subcommands v1.2.0/go.mod h1:ZjhPrFU+Olkh9WazFPsl27BQ4UPiG37m3yTrtFlrHVk=
github.com/rakshasa/bencode-go v1.0.1 h1:ixGmqKeLolzzIoeUIAitLGbNtNpEcF6D4k2TSD6w3io=
github.com/rakshasa/bencode-go v1.0.1/go.mod h1:wT9HNKEP9OLB3gTR9Xd82l9OxPaOgoyrPotRBRa8Wgg=
